
Microsoft Visual Studio Solution File, Format Version 12.00
# Visual Studio Version 17
VisualStudioVersion = 17.12.35707.178 d17.12
MinimumVisualStudioVersion = 10.0.40219.1
Project("{FAE04EC0-301F-11D3-BF4B-00C04F79EFBC}") = "MonolithApp.Demo", "MonolithApp.Demo\MonolithApp.Demo.csproj", "{1A5A6BEC-331E-4861-999F-59ACD2069F77}"
EndProject
Project("{FAE04EC0-301F-11D3-BF4B-00C04F79EFBC}") = "ProductsBLL", "ProductsBBL\ProductsBLL.csproj", "{67B8C64E-3141-4D6E-888F-D041A888E44B}"
EndProject
Project("{FAE04EC0-301F-11D3-BF4B-00C04F79EFBC}") = "ProductsDAL", "ProductsDAL\ProductsDAL.csproj", "{B6FFA1A1-C6A9-4ED7-97DC-D41F24536066}"
EndProject
Global
	GlobalSection(SolutionConfigurationPlatforms) = preSolution
		Debug|Any CPU = Debug|Any CPU
		Release|Any CPU = Release|Any CPU
	EndGlobalSection
	GlobalSection(ProjectConfigurationPlatforms) = postSolution
		{1A5A6BEC-331E-4861-999F-59ACD2069F77}.Debug|Any CPU.ActiveCfg = Debug|Any CPU
		{1A5A6BEC-331E-4861-999F-59ACD2069F77}.Debug|Any CPU.Build.0 = Debug|Any CPU
		{1A5A6BEC-331E-4861-999F-59ACD2069F77}.Release|Any CPU.ActiveCfg = Release|Any CPU
		{1A5A6BEC-331E-4861-999F-59ACD2069F77}.Release|Any CPU.Build.0 = Release|Any CPU
		{67B8C64E-3141-4D6E-888F-D041A888E44B}.Debug|Any CPU.ActiveCfg = Debug|Any CPU
		{67B8C64E-3141-4D6E-888F-D041A888E44B}.Debug|Any CPU.Build.0 = Debug|Any CPU
		{67B8C64E-3141-4D6E-888F-D041A888E44B}.Release|Any CPU.ActiveCfg = Release|Any CPU
		{67B8C64E-3141-4D6E-888F-D041A888E44B}.Release|Any CPU.Build.0 = Release|Any CPU
		{B6FFA1A1-C6A9-4ED7-97DC-D41F24536066}.Debug|Any CPU.ActiveCfg = Debug|Any CPU
		{B6FFA1A1-C6A9-4ED7-97DC-D41F24536066}.Debug|Any CPU.Build.0 = Debug|Any CPU
		{B6FFA1A1-C6A9-4ED7-97DC-D41F24536066}.Release|Any CPU.ActiveCfg = Release|Any CPU
		{B6FFA1A1-C6A9-4ED7-97DC-D41F24536066}.Release|Any CPU.Build.0 = Release|Any CPU
	EndGlobalSection
	GlobalSection(SolutionProperties) = preSolution
		HideSolutionNode = FALSE
	EndGlobalSection
EndGlobal
